
Microsoft Visual Studio Solution File, Format Version 12.00
# Visual Studio 15
VisualStudioVersion = 15.0.28307.1062
MinimumVisualStudioVersion = 10.0.40219.1
Project("{FAE04EC0-301F-11D3-BF4B-00C04F79EFBC}") = "calculator3.Android", "calculator3\calculator3.Android\calculator3.Android.csproj", "{C190C744-6A0D-4F57-96F9-1723A5CDAF3B}"
EndProject
Project("{FAE04EC0-301F-11D3-BF4B-00C04F79EFBC}") = "calculator3.iOS", "calculator3\calculator3.iOS\calculator3.iOS.csproj", "{617AD468-9A49-4417-80A8-B8897ECB93BD}"
EndProject
Project("{FAE04EC0-301F-11D3-BF4B-00C04F79EFBC}") = "calculator3.UWP", "calculator3\calculator3.UWP\calculator3.UWP.csproj", "{52B6C9F0-756F-4E2F-A80F-0A909B0EAC34}"
EndProject
Project("{FAE04EC0-301F-11D3-BF4B-00C04F79EFBC}") = "calculator3", "calculator3\calculator3\calculator3.csproj", "{F9355F36-3454-435E-A0E4-596F12CF0169}"
EndProject
Global
	GlobalSection(SolutionConfigurationPlatforms) = preSolution
		Ad-Hoc|Any CPU = Ad-Hoc|Any CPU
		Ad-Hoc|ARM = Ad-Hoc|ARM
		Ad-Hoc|iPhone = Ad-Hoc|iPhone
		Ad-Hoc|iPhoneSimulator = Ad-Hoc|iPhoneSimulator
		Ad-Hoc|x64 = Ad-Hoc|x64
		Ad-Hoc|x86 = Ad-Hoc|x86
		AppStore|Any CPU = AppStore|Any CPU
		AppStore|ARM = AppStore|ARM
		AppStore|iPhone = AppStore|iPhone
		AppStore|iPhoneSimulator = AppStore|iPhoneSimulator
		AppStore|x64 = AppStore|x64
		AppStore|x86 = AppStore|x86
		Debug|Any CPU = Debug|Any CPU
		Debug|ARM = Debug|ARM
		Debug|iPhone = Debug|iPhone
		Debug|iPhoneSimulator = Debug|iPhoneSimulator
		Debug|x64 = Debug|x64
		Debug|x86 = Debug|x86
		Release|Any CPU = Release|Any CPU
		Release|ARM = Release|ARM
		Release|iPhone = Release|iPhone
		Release|iPhoneSimulator = Release|iPhoneSimulator
		Release|x64 = Release|x64
		Release|x86 = Release|x86
	EndGlobalSection
	GlobalSection(ProjectConfigurationPlatforms) = postSolution
		{C190C744-6A0D-4F57-96F9-1723A5CDAF3B}.Ad-Hoc|Any CPU.ActiveCfg = Release|Any CPU
		{C190C744-6A0D-4F57-96F9-1723A5CDAF3B}.Ad-Hoc|Any CPU.Build.0 = Release|Any CPU
		{C190C744-6A0D-4F57-96F9-1723A5CDAF3B}.Ad-Hoc|Any CPU.Deploy.0 = Release|Any CPU
		{C190C744-6A0D-4F57-96F9-1723A5CDAF3B}.Ad-Hoc|ARM.ActiveCfg = Release|Any CPU
		{C190C744-6A0D-4F57-96F9-1723A5CDAF3B}.Ad-Hoc|ARM.Build.0 = Release|Any CPU
		{C190C744-6A0D-4F57-96F9-1723A5CDAF3B}.Ad-Hoc|ARM.Deploy.0 = Release|Any CPU
		{C190C744-6A0D-4F57-96F9-1723A5CDAF3B}.Ad-Hoc|iPhone.ActiveCfg = Release|Any CPU
		{C190C744-6A0D-4F57-96F9-1723A5CDAF3B}.Ad-Hoc|iPhone.Build.0 = Release|Any CPU
		{C190C744-6A0D-4F57-96F9-1723A5CDAF3B}.Ad-Hoc|iPhone.Deploy.0 = Release|Any CPU
		{C190C744-6A0D-4F57-96F9-1723A5CDAF3B}.Ad-Hoc|iPhoneSimulator.ActiveCfg = Release|Any CPU
		{C190C744-6A0D-4F57-96F9-1723A5CDAF3B}.Ad-Hoc|iPhoneSimulator.Build.0 = Release|Any CPU
		{C190C744-6A0D-4F57-96F9-1723A5CDAF3B}.Ad-Hoc|iPhoneSimulator.Deploy.0 = Release|Any CPU
		{C190C744-6A0D-4F57-96F9-1723A5CDAF3B}.Ad-Hoc|x64.ActiveCfg = Release|Any CPU
		{C190C744-6A0D-4F57-96F9-1723A5CDAF3B}.Ad-Hoc|x64.Build.0 = Release|Any CPU
		{C190C744-6A0D-4F57-96F9-1723A5CDAF3B}.Ad-Hoc|x64.Deploy.0 = Release|Any CPU
		{C190C744-6A0D-4F57-96F9-1723A5CDAF3B}.Ad-Hoc|x86.ActiveCfg = Release|Any CPU
		{C190C744-6A0D-4F57-96F9-1723A5CDAF3B}.Ad-Hoc|x86.Build.0 = Release|Any CPU
		{C190C744-6A0D-4F57-96F9-1723A5CDAF3B}.Ad-Hoc|x86.Deploy.0 = Release|Any CPU
		{C190C744-6A0D-4F57-96F9-1723A5CDAF3B}.AppStore|Any CPU.ActiveCfg = Release|Any CPU
		{C190C744-6A0D-4F57-96F9-1723A5CDAF3B}.AppStore|Any CPU.Build.0 = Release|Any CPU
		{C190C744-6A0D-4F57-96F9-1723A5CDAF3B}.AppStore|Any CPU.Deploy.0 = Release|Any CPU
		{C190C744-6A0D-4F57-96F9-1723A5CDAF3B}.AppStore|ARM.ActiveCfg = Release|Any CPU
		{C190C744-6A0D-4F57-96F9-1723A5CDAF3B}.AppStore|ARM.Build.0 = Release|Any CPU
		{C190C744-6A0D-4F57-96F9-1723A5CDAF3B}.AppStore|ARM.Deploy.0 = Release|Any CPU
		{C190C744-6A0D-4F57-96F9-1723A5CDAF3B}.AppStore|iPhone.ActiveCfg = Release|Any CPU
		{C190C744-6A0D-4F57-96F9-1723A5CDAF3B}.AppStore|iPhone.Build.0 = Release|Any CPU
		{C190C744-6A0D-4F57-96F9-1723A5CDAF3B}.AppStore|iPhone.Deploy.0 = Release|Any CPU
		{C190C744-6A0D-4F57-96F9-1723A5CDAF3B}.AppStore|iPhoneSimulator.ActiveCfg = Release|Any CPU
		{C190C744-6A0D-4F57-96F9-1723A5CDAF3B}.AppStore|iPhoneSimulator.Build.0 = Release|Any CPU
		{C190C744-6A0D-4F57-96F9-1723A5CDAF3B}.AppStore|iPhoneSimulator.Deploy.0 = Release|Any CPU
		{C190C744-6A0D-4F57-96F9-1723A5CDAF3B}.AppStore|x64.ActiveCfg = Release|Any CPU
		{C190C744-6A0D-4F57-96F9-1723A5CDAF3B}.AppStore|x64.Build.0 = Release|Any CPU
		{C190C744-6A0D-4F57-96F9-1723A5CDAF3B}.AppStore|x64.Deploy.0 = Release|Any CPU
		{C190C744-6A0D-4F57-96F9-1723A5CDAF3B}.AppStore|x86.ActiveCfg = Release|Any CPU
		{C190C744-6A0D-4F57-96F9-1723A5CDAF3B}.AppStore|x86.Build.0 = Release|Any CPU
		{C190C744-6A0D-4F57-96F9-1723A5CDAF3B}.AppStore|x86.Deploy.0 = Release|Any CPU
		{C190C744-6A0D-4F57-96F9-1723A5CDAF3B}.Debug|Any CPU.ActiveCfg = Debug|Any CPU
		{C190C744-6A0D-4F57-96F9-1723A5CDAF3B}.Debug|Any CPU.Build.0 = Debug|Any CPU
		{C190C744-6A0D-4F57-96F9-1723A5CDAF3B}.Debug|Any CPU.Deploy.0 = Debug|Any CPU
		{C190C744-6A0D-4F57-96F9-1723A5CDAF3B}.Debug|ARM.ActiveCfg = Debug|Any CPU
		{C190C744-6A0D-4F57-96F9-1723A5CDAF3B}.Debug|ARM.Build.0 = Debug|Any CPU
		{C190C744-6A0D-4F57-96F9-1723A5CDAF3B}.Debug|ARM.Deploy.0 = Debug|Any CPU
		{C190C744-6A0D-4F57-96F9-1723A5CDAF3B}.Debug|iPhone.ActiveCfg = Debug|Any CPU
		{C190C744-6A0D-4F57-96F9-1723A5CDAF3B}.Debug|iPhone.Build.0 = Debug|Any CPU
		{C190C744-6A0D-4F57-96F9-1723A5CDAF3B}.Debug|iPhone.Deploy.0 = Debug|Any CPU
		{C190C744-6A0D-4F57-96F9-1723A5CDAF3B}.Debug|iPhoneSimulator.ActiveCfg = Debug|Any CPU
		{C190C744-6A0D-4F57-96F9-1723A5CDAF3B}.Debug|iPhoneSimulator.Build.0 = Debug|Any CPU
		{C190C744-6A0D-4F57-96F9-1723A5CDAF3B}.Debug|iPhoneSimulator.Deploy.0 = Debug|Any CPU
		{C190C744-6A0D-4F57-96F9-1723A5CDAF3B}.Debug|x64.ActiveCfg = Debug|Any CPU
		{C190C744-6A0D-4F57-96F9-1723A5CDAF3B}.Debug|x64.Build.0 = Debug|Any CPU
		{C190C744-6A0D-4F57-96F9-1723A5CDAF3B}.Debug|x64.Deploy.0 = Debug|Any CPU
		{C190C744-6A0D-4F57-96F9-1723A5CDAF3B}.Debug|x86.ActiveCfg = Debug|Any CPU
		{C190C744-6A0D-4F57-96F9-1723A5CDAF3B}.Debug|x86.Build.0 = Debug|Any CPU
		{C190C744-6A0D-4F57-96F9-1723A5CDAF3B}.Debug|x86.Deploy.0 = Debug|Any CPU
		{C190C744-6A0D-4F57-96F9-1723A5CDAF3B}.Release|Any CPU.ActiveCfg = Release|Any CPU
		{C190C744-6A0D-4F57-96F9-1723A5CDAF3B}.Release|Any CPU.Build.0 = Release|Any CPU
		{C190C744-6A0D-4F57-96F9-1723A5CDAF3B}.Release|Any CPU.Deploy.0 = Release|Any CPU
		{C190C744-6A0D-4F57-96F9-1723A5CDAF3B}.Release|ARM.ActiveCfg = Release|Any CPU
		{C190C744-6A0D-4F57-96F9-1723A5CDAF3B}.Release|ARM.Build.0 = Release|Any CPU
		{C190C744-6A0D-4F57-96F9-1723A5CDAF3B}.Release|ARM.Deploy.0 = Release|Any CPU
		{C190C744-6A0D-4F57-96F9-1723A5CDAF3B}.Release|iPhone.ActiveCfg = Release|Any CPU
		{C190C744-6A0D-4F57-96F9-1723A5CDAF3B}.Release|iPhone.Build.0 = Release|Any CPU
		{C190C744-6A0D-4F57-96F9-1723A5CDAF3B}.Release|iPhone.Deploy.0 = Release|Any CPU
		{C190C744-6A0D-4F57-96F9-1723A5CDAF3B}.Release|iPhoneSimulator.ActiveCfg = Release|Any CPU
		{C190C744-6A0D-4F57-96F9-1723A5CDAF3B}.Release|iPhoneSimulator.Build.0 = Release|Any CPU
		{C190C744-6A0D-4F57-96F9-1723A5CDAF3B}.Release|iPhoneSimulator.Deploy.0 = Release|Any CPU
		{C190C744-6A0D-4F57-96F9-1723A5CDAF3B}.Release|x64.ActiveCfg = Release|Any CPU
		{C190C744-6A0D-4F57-96F9-1723A5CDAF3B}.Release|x64.Build.0 = Release|Any CPU
		{C190C744-6A0D-4F57-96F9-1723A5CDAF3B}.Release|x64.Deploy.0 = Release|Any CPU
		{C190C744-6A0D-4F57-96F9-1723A5CDAF3B}.Release|x86.ActiveCfg = Release|Any CPU
		{C190C744-6A0D-4F57-96F9-1723A5CDAF3B}.Release|x86.Build.0 = Release|Any CPU
		{C190C744-6A0D-4F57-96F9-1723A5CDAF3B}.Release|x86.Deploy.0 = Release|Any CPU
		{617AD468-9A49-4417-80A8-B8897ECB93BD}.Ad-Hoc|Any CPU.ActiveCfg = Ad-Hoc|iPhone
		{617AD468-9A49-4417-80A8-B8897ECB93BD}.Ad-Hoc|Any CPU.Build.0 = Ad-Hoc|iPhone
		{617AD468-9A49-4417-80A8-B8897ECB93BD}.Ad-Hoc|Any CPU.Deploy.0 = Ad-Hoc|iPhone
		{617AD468-9A49-4417-80A8-B8897ECB93BD}.Ad-Hoc|ARM.ActiveCfg = Ad-Hoc|iPhone
		{617AD468-9A49-4417-80A8-B8897ECB93BD}.Ad-Hoc|ARM.Build.0 = Ad-Hoc|iPhone
		{617AD468-9A49-4417-80A8-B8897ECB93BD}.Ad-Hoc|ARM.Deploy.0 = Ad-Hoc|iPhone
		{617AD468-9A49-4417-80A8-B8897ECB93BD}.Ad-Hoc|iPhone.ActiveCfg = Ad-Hoc|iPhone
		{617AD468-9A49-4417-80A8-B8897ECB93BD}.Ad-Hoc|iPhone.Build.0 = Ad-Hoc|iPhone
		{617AD468-9A49-4417-80A8-B8897ECB93BD}.Ad-Hoc|iPhone.Deploy.0 = Ad-Hoc|iPhone
		{617AD468-9A49-4417-80A8-B8897ECB93BD}.Ad-Hoc|iPhoneSimulator.ActiveCfg = Ad-Hoc|iPhoneSimulator
		{617AD468-9A49-4417-80A8-B8897ECB93BD}.Ad-Hoc|iPhoneSimulator.Build.0 = Ad-Hoc|iPhoneSimulator
		{617AD468-9A49-4417-80A8-B8897ECB93BD}.Ad-Hoc|iPhoneSimulator.Deploy.0 = Ad-Hoc|iPhoneSimulator
		{617AD468-9A49-4417-80A8-B8897ECB93BD}.Ad-Hoc|x64.ActiveCfg = Ad-Hoc|iPhone
		{617AD468-9A49-4417-80A8-B8897ECB93BD}.Ad-Hoc|x64.Build.0 = Ad-Hoc|iPhone
		{617AD468-9A49-4417-80A8-B8897ECB93BD}.Ad-Hoc|x64.Deploy.0 = Ad-Hoc|iPhone
		{617AD468-9A49-4417-80A8-B8897ECB93BD}.Ad-Hoc|x86.ActiveCfg = Ad-Hoc|iPhone
		{617AD468-9A49-4417-80A8-B8897ECB93BD}.Ad-Hoc|x86.Build.0 = Ad-Hoc|iPhone
		{617AD468-9A49-4417-80A8-B8897ECB93BD}.Ad-Hoc|x86.Deploy.0 = Ad-Hoc|iPhone
		{617AD468-9A49-4417-80A8-B8897ECB93BD}.AppStore|Any CPU.ActiveCfg = AppStore|iPhone
		{617AD468-9A49-4417-80A8-B8897ECB93BD}.AppStore|Any CPU.Build.0 = AppStore|iPhone
		{617AD468-9A49-4417-80A8-B8897ECB93BD}.AppStore|Any CPU.Deploy.0 = AppStore|iPhone
		{617AD468-9A49-4417-80A8-B8897ECB93BD}.AppStore|ARM.ActiveCfg = AppStore|iPhone
		{617AD468-9A49-4417-80A8-B8897ECB93BD}.AppStore|ARM.Build.0 = AppStore|iPhone
		{617AD468-9A49-4417-80A8-B8897ECB93BD}.AppStore|ARM.Deploy.0 = AppStore|iPhone
		{617AD468-9A49-4417-80A8-B8897ECB93BD}.AppStore|iPhone.ActiveCfg = AppStore|iPhone
		{617AD468-9A49-4417-80A8-B8897ECB93BD}.AppStore|iPhone.Build.0 = AppStore|iPhone
		{617AD468-9A49-4417-80A8-B8897ECB93BD}.AppStore|iPhone.Deploy.0 = AppStore|iPhone
		{617AD468-9A49-4417-80A8-B8897ECB93BD}.AppStore|iPhoneSimulator.ActiveCfg = AppStore|iPhoneSimulator
		{617AD468-9A49-4417-80A8-B8897ECB93BD}.AppStore|iPhoneSimulator.Build.0 = AppStore|iPhoneSimulator
		{617AD468-9A49-4417-80A8-B8897ECB93BD}.AppStore|iPhoneSimulator.Deploy.0 = AppStore|iPhoneSimulator
		{617AD468-9A49-4417-80A8-B8897ECB93BD}.AppStore|x64.ActiveCfg = AppStore|iPhone
		{617AD468-9A49-4417-80A8-B8897ECB93BD}.AppStore|x64.Build.0 = AppStore|iPhone
		{617AD468-9A49-4417-80A8-B8897ECB93BD}.AppStore|x64.Deploy.0 = AppStore|iPhone
		{617AD468-9A49-4417-80A8-B8897ECB93BD}.AppStore|x86.ActiveCfg = AppStore|iPhone
		{617AD468-9A49-4417-80A8-B8897ECB93BD}.AppStore|x86.Build.0 = AppStore|iPhone
		{617AD468-9A49-4417-80A8-B8897ECB93BD}.AppStore|x86.Deploy.0 = AppStore|iPhone
		{617AD468-9A49-4417-80A8-B8897ECB93BD}.Debug|Any CPU.ActiveCfg = Debug|iPhoneSimulator
		{617AD468-9A49-4417-80A8-B8897ECB93BD}.Debug|Any CPU.Build.0 = Debug|iPhoneSimulator
		{617AD468-9A49-4417-80A8-B8897ECB93BD}.Debug|Any CPU.Deploy.0 = Debug|iPhoneSimulator
		{617AD468-9A49-4417-80A8-B8897ECB93BD}.Debug|ARM.ActiveCfg = Debug|iPhone
		{617AD468-9A49-4417-80A8-B8897ECB93BD}.Debug|ARM.Build.0 = Debug|iPhone
		{617AD468-9A49-4417-80A8-B8897ECB93BD}.Debug|ARM.Deploy.0 = Debug|iPhone
		{617AD468-9A49-4417-80A8-B8897ECB93BD}.Debug|iPhone.ActiveCfg = Debug|iPhone
		{617AD468-9A49-4417-80A8-B8897ECB93BD}.Debug|iPhone.Build.0 = Debug|iPhone
		{617AD468-9A49-4417-80A8-B8897ECB93BD}.Debug|iPhone.Deploy.0 = Debug|iPhone
		{617AD468-9A49-4417-80A8-B8897ECB93BD}.Debug|iPhoneSimulator.ActiveCfg = Debug|iPhoneSimulator
		{617AD468-9A49-4417-80A8-B8897ECB93BD}.Debug|iPhoneSimulator.Build.0 = Debug|iPhoneSimulator
		{617AD468-9A49-4417-80A8-B8897ECB93BD}.Debug|iPhoneSimulator.Deploy.0 = Debug|iPhoneSimulator
		{617AD468-9A49-4417-80A8-B8897ECB93BD}.Debug|x64.ActiveCfg = Debug|iPhone
		{617AD468-9A49-4417-80A8-B8897ECB93BD}.Debug|x64.Build.0 = Debug|iPhone
		{617AD468-9A49-4417-80A8-B8897ECB93BD}.Debug|x64.Deploy.0 = Debug|iPhone
		{617AD468-9A49-4417-80A8-B8897ECB93BD}.Debug|x86.ActiveCfg = Debug|iPhone
		{617AD468-9A49-4417-80A8-B8897ECB93BD}.Debug|x86.Build.0 = Debug|iPhone
		{617AD468-9A49-4417-80A8-B8897ECB93BD}.Debug|x86.Deploy.0 = Debug|iPhone
		{617AD468-9A49-4417-80A8-B8897ECB93BD}.Release|Any CPU.ActiveCfg = Release|iPhone
		{617AD468-9A49-4417-80A8-B8897ECB93BD}.Release|Any CPU.Build.0 = Release|iPhone
		{617AD468-9A49-4417-80A8-B8897ECB93BD}.Release|Any CPU.Deploy.0 = Release|iPhone
		{617AD468-9A49-4417-80A8-B8897ECB93BD}.Release|ARM.ActiveCfg = Release|iPhone
		{617AD468-9A49-4417-80A8-B8897ECB93BD}.Release|ARM.Build.0 = Release|iPhone
		{617AD468-9A49-4417-80A8-B8897ECB93BD}.Release|ARM.Deploy.0 = Release|iPhone
		{617AD468-9A49-4417-80A8-B8897ECB93BD}.Release|iPhone.ActiveCfg = Release|iPhone
		{617AD468-9A49-4417-80A8-B8897ECB93BD}.Release|iPhone.Build.0 = Release|iPhone
		{617AD468-9A49-4417-80A8-B8897ECB93BD}.Release|iPhone.Deploy.0 = Release|iPhone
		{617AD468-9A49-4417-80A8-B8897ECB93BD}.Release|iPhoneSimulator.ActiveCfg = Release|iPhoneSimulator
		{617AD468-9A49-4417-80A8-B8897ECB93BD}.Release|iPhoneSimulator.Build.0 = Release|iPhoneSimulator
		{617AD468-9A49-4417-80A8-B8897ECB93BD}.Release|iPhoneSimulator.Deploy.0 = Release|iPhoneSimulator
		{617AD468-9A49-4417-80A8-B8897ECB93BD}.Release|x64.ActiveCfg = Release|iPhone
		{617AD468-9A49-4417-80A8-B8897ECB93BD}.Release|x64.Build.0 = Release|iPhone
		{617AD468-9A49-4417-80A8-B8897ECB93BD}.Release|x64.Deploy.0 = Release|iPhone
		{617AD468-9A49-4417-80A8-B8897ECB93BD}.Release|x86.ActiveCfg = Release|iPhone
		{617AD468-9A49-4417-80A8-B8897ECB93BD}.Release|x86.Build.0 = Release|iPhone
		{617AD468-9A49-4417-80A8-B8897ECB93BD}.Release|x86.Deploy.0 = Release|iPhone
		{52B6C9F0-756F-4E2F-A80F-0A909B0EAC34}.Ad-Hoc|Any CPU.ActiveCfg = Release|x86
		{52B6C9F0-756F-4E2F-A80F-0A909B0EAC34}.Ad-Hoc|Any CPU.Build.0 = Release|x86
		{52B6C9F0-756F-4E2F-A80F-0A909B0EAC34}.Ad-Hoc|Any CPU.Deploy.0 = Release|x86
		{52B6C9F0-756F-4E2F-A80F-0A909B0EAC34}.Ad-Hoc|ARM.ActiveCfg = Release|ARM
		{52B6C9F0-756F-4E2F-A80F-0A909B0EAC34}.Ad-Hoc|ARM.Build.0 = Release|ARM
		{52B6C9F0-756F-4E2F-A80F-0A909B0EAC34}.Ad-Hoc|ARM.Deploy.0 = Release|ARM
		{52B6C9F0-756F-4E2F-A80F-0A909B0EAC34}.Ad-Hoc|iPhone.ActiveCfg = Release|x86
		{52B6C9F0-756F-4E2F-A80F-0A909B0EAC34}.Ad-Hoc|iPhone.Build.0 = Release|x86
		{52B6C9F0-756F-4E2F-A80F-0A909B0EAC34}.Ad-Hoc|iPhone.Deploy.0 = Release|x86
		{52B6C9F0-756F-4E2F-A80F-0A909B0EAC34}.Ad-Hoc|iPhoneSimulator.ActiveCfg = Release|x86
		{52B6C9F0-756F-4E2F-A80F-0A909B0EAC34}.Ad-Hoc|iPhoneSimulator.Build.0 = Release|x86
		{52B6C9F0-756F-4E2F-A80F-0A909B0EAC34}.Ad-Hoc|iPhoneSimulator.Deploy.0 = Release|x86
		{52B6C9F0-756F-4E2F-A80F-0A909B0EAC34}.Ad-Hoc|x64.ActiveCfg = Release|x64
		{52B6C9F0-756F-4E2F-A80F-0A909B0EAC34}.Ad-Hoc|x64.Build.0 = Release|x64
		{52B6C9F0-756F-4E2F-A80F-0A909B0EAC34}.Ad-Hoc|x64.Deploy.0 = Release|x64
		{52B6C9F0-756F-4E2F-A80F-0A909B0EAC34}.Ad-Hoc|x86.ActiveCfg = Release|x86
		{52B6C9F0-756F-4E2F-A80F-0A909B0EAC34}.Ad-Hoc|x86.Build.0 = Release|x86
		{52B6C9F0-756F-4E2F-A80F-0A909B0EAC34}.Ad-Hoc|x86.Deploy.0 = Release|x86
		{52B6C9F0-756F-4E2F-A80F-0A909B0EAC34}.AppStore|Any CPU.ActiveCfg = Release|x86
		{52B6C9F0-756F-4E2F-A80F-0A909B0EAC34}.AppStore|Any CPU.Build.0 = Release|x86
		{52B6C9F0-756F-4E2F-A80F-0A909B0EAC34}.AppStore|Any CPU.Deploy.0 = Release|x86
		{52B6C9F0-756F-4E2F-A80F-0A909B0EAC34}.AppStore|ARM.ActiveCfg = Release|ARM
		{52B6C9F0-756F-4E2F-A80F-0A909B0EAC34}.AppStore|ARM.Build.0 = Release|ARM
		{52B6C9F0-756F-4E2F-A80F-0A909B0EAC34}.AppStore|ARM.Deploy.0 = Release|ARM
		{52B6C9F0-756F-4E2F-A80F-0A909B0EAC34}.AppStore|iPhone.ActiveCfg = Release|x86
		{52B6C9F0-756F-4E2F-A80F-0A909B0EAC34}.AppStore|iPhone.Build.0 = Release|x86
		{52B6C9F0-756F-4E2F-A80F-0A909B0EAC34}.AppStore|iPhone.Deploy.0 = Release|x86
		{52B6C9F0-756F-4E2F-A80F-0A909B0EAC34}.AppStore|iPhoneSimulator.ActiveCfg = Release|x86
		{52B6C9F0-756F-4E2F-A80F-0A909B0EAC34}.AppStore|iPhoneSimulator.Build.0 = Release|x86
		{52B6C9F0-756F-4E2F-A80F-0A909B0EAC34}.AppStore|iPhoneSimulator.Deploy.0 = Release|x86
		{52B6C9F0-756F-4E2F-A80F-0A909B0EAC34}.AppStore|x64.ActiveCfg = Release|x64
		{52B6C9F0-756F-4E2F-A80F-0A909B0EAC34}.AppStore|x64.Build.0 = Release|x64
		{52B6C9F0-756F-4E2F-A80F-0A909B0EAC34}.AppStore|x64.Deploy.0 = Release|x64
		{52B6C9F0-756F-4E2F-A80F-0A909B0EAC34}.AppStore|x86.ActiveCfg = Release|x86
		{52B6C9F0-756F-4E2F-A80F-0A909B0EAC34}.AppStore|x86.Build.0 = Release|x86
		{52B6C9F0-756F-4E2F-A80F-0A909B0EAC34}.AppStore|x86.Deploy.0 = Release|x86
		{52B6C9F0-756F-4E2F-A80F-0A909B0EAC34}.Debug|Any CPU.ActiveCfg = Debug|x86
		{52B6C9F0-756F-4E2F-A80F-0A909B0EAC34}.Debug|Any CPU.Build.0 = Debug|x86
		{52B6C9F0-756F-4E2F-A80F-0A909B0EAC34}.Debug|Any CPU.Deploy.0 = Debug|x86
		{52B6C9F0-756F-4E2F-A80F-0A909B0EAC34}.Debug|ARM.ActiveCfg = Debug|ARM
		{52B6C9F0-756F-4E2F-A80F-0A909B0EAC34}.Debug|ARM.Build.0 = Debug|ARM
		{52B6C9F0-756F-4E2F-A80F-0A909B0EAC34}.Debug|ARM.Deploy.0 = Debug|ARM
		{52B6C9F0-756F-4E2F-A80F-0A909B0EAC34}.Debug|iPhone.ActiveCfg = Debug|x86
		{52B6C9F0-756F-4E2F-A80F-0A909B0EAC34}.Debug|iPhone.Build.0 = Debug|x86
		{52B6C9F0-756F-4E2F-A80F-0A909B0EAC34}.Debug|iPhone.Deploy.0 = Debug|x86
		{52B6C9F0-756F-4E2F-A80F-0A909B0EAC34}.Debug|iPhoneSimulator.ActiveCfg = Debug|x86
		{52B6C9F0-756F-4E2F-A80F-0A909B0EAC34}.Debug|iPhoneSimulator.Build.0 = Debug|x86
		{52B6C9F0-756F-4E2F-A80F-0A909B0EAC34}.Debug|iPhoneSimulator.Deploy.0 = Debug|x86
		{52B6C9F0-756F-4E2F-A80F-0A909B0EAC34}.Debug|x64.ActiveCfg = Debug|x64
		{52B6C9F0-756F-4E2F-A80F-0A909B0EAC34}.Debug|x64.Build.0 = Debug|x64
		{52B6C9F0-756F-4E2F-A80F-0A909B0EAC34}.Debug|x64.Deploy.0 = Debug|x64
		{52B6C9F0-756F-4E2F-A80F-0A909B0EAC34}.Debug|x86.ActiveCfg = Debug|x86
		{52B6C9F0-756F-4E2F-A80F-0A909B0EAC34}.Debug|x86.Build.0 = Debug|x86
		{52B6C9F0-756F-4E2F-A80F-0A909B0EAC34}.Debug|x86.Deploy.0 = Debug|x86
		{52B6C9F0-756F-4E2F-A80F-0A909B0EAC34}.Release|Any CPU.ActiveCfg = Release|x86
		{52B6C9F0-756F-4E2F-A80F-0A909B0EAC34}.Release|Any CPU.Build.0 = Release|x86
		{52B6C9F0-756F-4E2F-A80F-0A909B0EAC34}.Release|Any CPU.Deploy.0 = Release|x86
		{52B6C9F0-756F-4E2F-A80F-0A909B0EAC34}.Release|ARM.ActiveCfg = Release|ARM
		{52B6C9F0-756F-4E2F-A80F-0A909B0EAC34}.Release|ARM.Build.0 = Release|ARM
		{52B6C9F0-756F-4E2F-A80F-0A909B0EAC34}.Release|ARM.Deploy.0 = Release|ARM
		{52B6C9F0-756F-4E2F-A80F-0A909B0EAC34}.Release|iPhone.ActiveCfg = Release|x86
		{52B6C9F0-756F-4E2F-A80F-0A909B0EAC34}.Release|iPhone.Build.0 = Release|x86
		{52B6C9F0-756F-4E2F-A80F-0A909B0EAC34}.Release|iPhone.Deploy.0 = Release|x86
		{52B6C9F0-756F-4E2F-A80F-0A909B0EAC34}.Release|iPhoneSimulator.ActiveCfg = Release|x86
		{52B6C9F0-756F-4E2F-A80F-0A909B0EAC34}.Release|iPhoneSimulator.Build.0 = Release|x86
		{52B6C9F0-756F-4E2F-A80F-0A909B0EAC34}.Release|iPhoneSimulator.Deploy.0 = Release|x86
		{52B6C9F0-756F-4E2F-A80F-0A909B0EAC34}.Release|x64.ActiveCfg = Release|x64
		{52B6C9F0-756F-4E2F-A80F-0A909B0EAC34}.Release|x64.Build.0 = Release|x64
		{52B6C9F0-756F-4E2F-A80F-0A909B0EAC34}.Release|x64.Deploy.0 = Release|x64
		{52B6C9F0-756F-4E2F-A80F-0A909B0EAC34}.Release|x86.ActiveCfg = Release|x86
		{52B6C9F0-756F-4E2F-A80F-0A909B0EAC34}.Release|x86.Build.0 = Release|x86
		{52B6C9F0-756F-4E2F-A80F-0A909B0EAC34}.Release|x86.Deploy.0 = Release|x86
		{F9355F36-3454-435E-A0E4-596F12CF0169}.Ad-Hoc|Any CPU.ActiveCfg = Debug|Any CPU
		{F9355F36-3454-435E-A0E4-596F12CF0169}.Ad-Hoc|Any CPU.Build.0 = Debug|Any CPU
		{F9355F36-3454-435E-A0E4-596F12CF0169}.Ad-Hoc|Any CPU.Deploy.0 = Debug|Any CPU
		{F9355F36-3454-435E-A0E4-596F12CF0169}.Ad-Hoc|ARM.ActiveCfg = Debug|Any CPU
		{F9355F36-3454-435E-A0E4-596F12CF0169}.Ad-Hoc|ARM.Build.0 = Debug|Any CPU
		{F9355F36-3454-435E-A0E4-596F12CF0169}.Ad-Hoc|ARM.Deploy.0 = Debug|Any CPU
		{F9355F36-3454-435E-A0E4-596F12CF0169}.Ad-Hoc|iPhone.ActiveCfg = Debug|Any CPU
		{F9355F36-3454-435E-A0E4-596F12CF0169}.Ad-Hoc|iPhone.Build.0 = Debug|Any CPU
		{F9355F36-3454-435E-A0E4-596F12CF0169}.Ad-Hoc|iPhone.Deploy.0 = Debug|Any CPU
		{F9355F36-3454-435E-A0E4-596F12CF0169}.Ad-Hoc|iPhoneSimulator.ActiveCfg = Debug|Any CPU
		{F9355F36-3454-435E-A0E4-596F12CF0169}.Ad-Hoc|iPhoneSimulator.Build.0 = Debug|Any CPU
		{F9355F36-3454-435E-A0E4-596F12CF0169}.Ad-Hoc|iPhoneSimulator.Deploy.0 = Debug|Any CPU
		{F9355F36-3454-435E-A0E4-596F12CF0169}.Ad-Hoc|x64.ActiveCfg = Debug|Any CPU
		{F9355F36-3454-435E-A0E4-596F12CF0169}.Ad-Hoc|x64.Build.0 = Debug|Any CPU
		{F9355F36-3454-435E-A0E4-596F12CF0169}.Ad-Hoc|x64.Deploy.0 = Debug|Any CPU
		{F9355F36-3454-435E-A0E4-596F12CF0169}.Ad-Hoc|x86.ActiveCfg = Debug|Any CPU
		{F9355F36-3454-435E-A0E4-596F12CF0169}.Ad-Hoc|x86.Build.0 = Debug|Any CPU
		{F9355F36-3454-435E-A0E4-596F12CF0169}.Ad-Hoc|x86.Deploy.0 = Debug|Any CPU
		{F9355F36-3454-435E-A0E4-596F12CF0169}.AppStore|Any CPU.ActiveCfg = Debug|Any CPU
		{F9355F36-3454-435E-A0E4-596F12CF0169}.AppStore|Any CPU.Build.0 = Debug|Any CPU
		{F9355F36-3454-435E-A0E4-596F12CF0169}.AppStore|Any CPU.Deploy.0 = Debug|Any CPU
		{F9355F36-3454-435E-A0E4-596F12CF0169}.AppStore|ARM.ActiveCfg = Debug|Any CPU
		{F9355F36-3454-435E-A0E4-596F12CF0169}.AppStore|ARM.Build.0 = Debug|Any CPU
		{F9355F36-3454-435E-A0E4-596F12CF0169}.AppStore|ARM.Deploy.0 = Debug|Any CPU
		{F9355F36-3454-435E-A0E4-596F12CF0169}.AppStore|iPhone.ActiveCfg = Debug|Any CPU
		{F9355F36-3454-435E-A0E4-596F12CF0169}.AppStore|iPhone.Build.0 = Debug|Any CPU
		{F9355F36-3454-435E-A0E4-596F12CF0169}.AppStore|iPhone.Deploy.0 = Debug|Any CPU
		{F9355F36-3454-435E-A0E4-596F12CF0169}.AppStore|iPhoneSimulator.ActiveCfg = Debug|Any CPU
		{F9355F36-3454-435E-A0E4-596F12CF0169}.AppStore|iPhoneSimulator.Build.0 = Debug|Any CPU
		{F9355F36-3454-435E-A0E4-596F12CF0169}.AppStore|iPhoneSimulator.Deploy.0 = Debug|Any CPU
		{F9355F36-3454-435E-A0E4-596F12CF0169}.AppStore|x64.ActiveCfg = Debug|Any CPU
		{F9355F36-3454-435E-A0E4-596F12CF0169}.AppStore|x64.Build.0 = Debug|Any CPU
		{F9355F36-3454-435E-A0E4-596F12CF0169}.AppStore|x64.Deploy.0 = Debug|Any CPU
		{F9355F36-3454-435E-A0E4-596F12CF0169}.AppStore|x86.ActiveCfg = Debug|Any CPU
		{F9355F36-3454-435E-A0E4-596F12CF0169}.AppStore|x86.Build.0 = Debug|Any CPU
		{F9355F36-3454-435E-A0E4-596F12CF0169}.AppStore|x86.Deploy.0 = Debug|Any CPU
		{F9355F36-3454-435E-A0E4-596F12CF0169}.Debug|Any CPU.ActiveCfg = Debug|Any CPU
		{F9355F36-3454-435E-A0E4-596F12CF0169}.Debug|Any CPU.Build.0 = Debug|Any CPU
		{F9355F36-3454-435E-A0E4-596F12CF0169}.Debug|Any CPU.Deploy.0 = Debug|Any CPU
		{F9355F36-3454-435E-A0E4-596F12CF0169}.Debug|ARM.ActiveCfg = Debug|Any CPU
		{F9355F36-3454-435E-A0E4-596F12CF0169}.Debug|ARM.Build.0 = Debug|Any CPU
		{F9355F36-3454-435E-A0E4-596F12CF0169}.Debug|ARM.Deploy.0 = Debug|Any CPU
		{F9355F36-3454-435E-A0E4-596F12CF0169}.Debug|iPhone.ActiveCfg = Debug|Any CPU
		{F9355F36-3454-435E-A0E4-596F12CF0169}.Debug|iPhone.Build.0 = Debug|Any CPU
		{F9355F36-3454-435E-A0E4-596F12CF0169}.Debug|iPhone.Deploy.0 = Debug|Any CPU
		{F9355F36-3454-435E-A0E4-596F12CF0169}.Debug|iPhoneSimulator.ActiveCfg = Debug|Any CPU
		{F9355F36-3454-435E-A0E4-596F12CF0169}.Debug|iPhoneSimulator.Build.0 = Debug|Any CPU
		{F9355F36-3454-435E-A0E4-596F12CF0169}.Debug|iPhoneSimulator.Deploy.0 = Debug|Any CPU
		{F9355F36-3454-435E-A0E4-596F12CF0169}.Debug|x64.ActiveCfg = Debug|Any CPU
		{F9355F36-3454-435E-A0E4-596F12CF0169}.Debug|x64.Build.0 = Debug|Any CPU
		{F9355F36-3454-435E-A0E4-596F12CF0169}.Debug|x64.Deploy.0 = Debug|Any CPU
		{F9355F36-3454-435E-A0E4-596F12CF0169}.Debug|x86.ActiveCfg = Debug|Any CPU
		{F9355F36-3454-435E-A0E4-596F12CF0169}.Debug|x86.Build.0 = Debug|Any CPU
		{F9355F36-3454-435E-A0E4-596F12CF0169}.Debug|x86.Deploy.0 = Debug|Any CPU
		{F9355F36-3454-435E-A0E4-596F12CF0169}.Release|Any CPU.ActiveCfg = Release|Any CPU
		{F9355F36-3454-435E-A0E4-596F12CF0169}.Release|Any CPU.Build.0 = Release|Any CPU
		{F9355F36-3454-435E-A0E4-596F12CF0169}.Release|Any CPU.Deploy.0 = Release|Any CPU
		{F9355F36-3454-435E-A0E4-596F12CF0169}.Release|ARM.ActiveCfg = Release|Any CPU
		{F9355F36-3454-435E-A0E4-596F12CF0169}.Release|ARM.Build.0 = Release|Any CPU
		{F9355F36-3454-435E-A0E4-596F12CF0169}.Release|ARM.Deploy.0 = Release|Any CPU
		{F9355F36-3454-435E-A0E4-596F12CF0169}.Release|iPhone.ActiveCfg = Release|Any CPU
		{F9355F36-3454-435E-A0E4-596F12CF0169}.Release|iPhone.Build.0 = Release|Any CPU
		{F9355F36-3454-435E-A0E4-596F12CF0169}.Release|iPhone.Deploy.0 = Release|Any CPU
		{F9355F36-3454-435E-A0E4-596F12CF0169}.Release|iPhoneSimulator.ActiveCfg = Release|Any CPU
		{F9355F36-3454-435E-A0E4-596F12CF0169}.Release|iPhoneSimulator.Build.0 = Release|Any CPU
		{F9355F36-3454-435E-A0E4-596F12CF0169}.Release|iPhoneSimulator.Deploy.0 = Release|Any CPU
		{F9355F36-3454-435E-A0E4-596F12CF0169}.Release|x64.ActiveCfg = Release|Any CPU
		{F9355F36-3454-435E-A0E4-596F12CF0169}.Release|x64.Build.0 = Release|Any CPU
		{F9355F36-3454-435E-A0E4-596F12CF0169}.Release|x64.Deploy.0 = Release|Any CPU
		{F9355F36-3454-435E-A0E4-596F12CF0169}.Release|x86.ActiveCfg = Release|Any CPU
		{F9355F36-3454-435E-A0E4-596F12CF0169}.Release|x86.Build.0 = Release|Any CPU
		{F9355F36-3454-435E-A0E4-596F12CF0169}.Release|x86.Deploy.0 = Release|Any CPU
	EndGlobalSection
	GlobalSection(SolutionProperties) = preSolution
		HideSolutionNode = FALSE
	EndGlobalSection
	GlobalSection(ExtensibilityGlobals) = postSolution
		SolutionGuid = {9F0FFF3A-B6D2-4208-8A71-CD29B3BEA5AE}
	EndGlobalSection
EndGlobal
